// !$*UTF8*$!
{
	archiveVersion = 1;
	classes = {
	};
	objectVersion = 56;
	objects = {

/* Begin PBXBuildFile section */
		24804F1F29CFB6E00006AAC9 /* maps_digitalApp.swift in Sources */ = {isa = PBXBuildFile; fileRef = 24804F1E29CFB6E00006AAC9 /* maps_digitalApp.swift */; };
		24804F2329CFB6E10006AAC9 /* Assets.xcassets in Resources */ = {isa = PBXBuildFile; fileRef = 24804F2229CFB6E10006AAC9 /* Assets.xcassets */; };
		24804F2629CFB6E10006AAC9 /* Preview Assets.xcassets in Resources */ = {isa = PBXBuildFile; fileRef = 24804F2529CFB6E10006AAC9 /* Preview Assets.xcassets */; };
		24804F2D29CFE1350006AAC9 /* HomeView.swift in Sources */ = {isa = PBXBuildFile; fileRef = 24804F2C29CFE1350006AAC9 /* HomeView.swift */; };
		24804F3329D073EA0006AAC9 /* Location.swift in Sources */ = {isa = PBXBuildFile; fileRef = 24804F3229D073E90006AAC9 /* Location.swift */; };
		24804F3629D074610006AAC9 /* BottomNavBar.swift in Sources */ = {isa = PBXBuildFile; fileRef = 24804F3529D074610006AAC9 /* BottomNavBar.swift */; };
		24804F3929D078C20006AAC9 /* HomePresenter.swift in Sources */ = {isa = PBXBuildFile; fileRef = 24804F3829D078C20006AAC9 /* HomePresenter.swift */; };
		2498C20229D1005F004E2A9D /* DetailsView.swift in Sources */ = {isa = PBXBuildFile; fileRef = 2498C20129D1005F004E2A9D /* DetailsView.swift */; };
/* End PBXBuildFile section */

/* Begin PBXFileReference section */
		24804F1B29CFB6E00006AAC9 /* maps-digital.app */ = {isa = PBXFileReference; explicitFileType = wrapper.application; includeInIndex = 0; path = "maps-digital.app"; sourceTree = BUILT_PRODUCTS_DIR; };
		24804F1E29CFB6E00006AAC9 /* maps_digitalApp.swift */ = {isa = PBXFileReference; lastKnownFileType = sourcecode.swift; path = maps_digitalApp.swift; sourceTree = "<group>"; };
		24804F2229CFB6E10006AAC9 /* Assets.xcassets */ = {isa = PBXFileReference; lastKnownFileType = folder.assetcatalog; path = Assets.xcassets; sourceTree = "<group>"; };
		24804F2529CFB6E10006AAC9 /* Preview Assets.xcassets */ = {isa = PBXFileReference; lastKnownFileType = folder.assetcatalog; path = "Preview Assets.xcassets"; sourceTree = "<group>"; };
		24804F2C29CFE1350006AAC9 /* HomeView.swift */ = {isa = PBXFileReference; lastKnownFileType = sourcecode.swift; path = HomeView.swift; sourceTree = "<group>"; };
		24804F3229D073E90006AAC9 /* Location.swift */ = {isa = PBXFileReference; lastKnownFileType = sourcecode.swift; path = Location.swift; sourceTree = "<group>"; };
		24804F3529D074610006AAC9 /* BottomNavBar.swift */ = {isa = PBXFileReference; lastKnownFileType = sourcecode.swift; path = BottomNavBar.swift; sourceTree = "<group>"; };
		24804F3829D078C20006AAC9 /* HomePresenter.swift */ = {isa = PBXFileReference; lastKnownFileType = sourcecode.swift; path = HomePresenter.swift; sourceTree = "<group>"; };
		2498C20129D1005F004E2A9D /* DetailsView.swift */ = {isa = PBXFileReference; lastKnownFileType = sourcecode.swift; path = DetailsView.swift; sourceTree = "<group>"; };
/* End PBXFileReference section */

/* Begin PBXFrameworksBuildPhase section */
		24804F1829CFB6E00006AAC9 /* Frameworks */ = {
			isa = PBXFrameworksBuildPhase;
			buildActionMask = 2147483647;
			files = (
			);
			runOnlyForDeploymentPostprocessing = 0;
		};
/* End PBXFrameworksBuildPhase section */

/* Begin PBXGroup section */
		24804F1229CFB6E00006AAC9 = {
			isa = PBXGroup;
			children = (
				24804F1D29CFB6E00006AAC9 /* maps-digital */,
				24804F1C29CFB6E00006AAC9 /* Products */,
			);
			sourceTree = "<group>";
		};
		24804F1C29CFB6E00006AAC9 /* Products */ = {
			isa = PBXGroup;
			children = (
				24804F1B29CFB6E00006AAC9 /* maps-digital.app */,
			);
			name = Products;
			sourceTree = "<group>";
		};
		24804F1D29CFB6E00006AAC9 /* maps-digital */ = {
			isa = PBXGroup;
			children = (
				24804F2E29D073BD0006AAC9 /* features */,
				24804F1E29CFB6E00006AAC9 /* maps_digitalApp.swift */,
				24804F2229CFB6E10006AAC9 /* Assets.xcassets */,
				24804F2429CFB6E10006AAC9 /* Preview Content */,
			);
			path = "maps-digital";
			sourceTree = "<group>";
		};
		24804F2429CFB6E10006AAC9 /* Preview Content */ = {
			isa = PBXGroup;
			children = (
				24804F2529CFB6E10006AAC9 /* Preview Assets.xcassets */,
			);
			path = "Preview Content";
			sourceTree = "<group>";
		};
		24804F2E29D073BD0006AAC9 /* features */ = {
			isa = PBXGroup;
			children = (
				2498C1FF29D10039004E2A9D /* details */,
				24804F2F29D073C40006AAC9 /* home */,
			);
			path = features;
			sourceTree = "<group>";
		};
		24804F2F29D073C40006AAC9 /* home */ = {
			isa = PBXGroup;
			children = (
				24804F3729D078B40006AAC9 /* presenter */,
				24804F3129D073D40006AAC9 /* view */,
				24804F3029D073CD0006AAC9 /* entity */,
			);
			path = home;
			sourceTree = "<group>";
		};
		24804F3029D073CD0006AAC9 /* entity */ = {
			isa = PBXGroup;
			children = (
				24804F3229D073E90006AAC9 /* Location.swift */,
			);
			path = entity;
			sourceTree = "<group>";
		};
		24804F3129D073D40006AAC9 /* view */ = {
			isa = PBXGroup;
			children = (
				24804F3429D0742B0006AAC9 /* components */,
				24804F2C29CFE1350006AAC9 /* HomeView.swift */,
			);
			path = view;
			sourceTree = "<group>";
		};
		24804F3429D0742B0006AAC9 /* components */ = {
			isa = PBXGroup;
			children = (
				24804F3529D074610006AAC9 /* BottomNavBar.swift */,
			);
			path = components;
			sourceTree = "<group>";
		};
		24804F3729D078B40006AAC9 /* presenter */ = {
			isa = PBXGroup;
			children = (
				24804F3829D078C20006AAC9 /* HomePresenter.swift */,
			);
			path = presenter;
			sourceTree = "<group>";
		};
		2498C1FF29D10039004E2A9D /* details */ = {
			isa = PBXGroup;
			children = (
				2498C20029D10046004E2A9D /* view */,
			);
			path = details;
			sourceTree = "<group>";
		};
		2498C20029D10046004E2A9D /* view */ = {
			isa = PBXGroup;
			children = (
				2498C20129D1005F004E2A9D /* DetailsView.swift */,
			);
			path = view;
			sourceTree = "<group>";
		};
/* End PBXGroup section */

/* Begin PBXNativeTarget section */
		24804F1A29CFB6E00006AAC9 /* maps-digital */ = {
			isa = PBXNativeTarget;
			buildConfigurationList = 24804F2929CFB6E10006AAC9 /* Build configuration list for PBXNativeTarget "maps-digital" */;
			buildPhases = (
				24804F1729CFB6E00006AAC9 /* Sources */,
				24804F1829CFB6E00006AAC9 /* Frameworks */,
				24804F1929CFB6E00006AAC9 /* Resources */,
			);
			buildRules = (
			);
			dependencies = (
			);
			name = "maps-digital";
			productName = "maps-digital";
			productReference = 24804F1B29CFB6E00006AAC9 /* maps-digital.app */;
			productType = "com.apple.product-type.application";
		};
/* End PBXNativeTarget section */

/* Begin PBXProject section */
		24804F1329CFB6E00006AAC9 /* Project object */ = {
			isa = PBXProject;
			attributes = {
				BuildIndependentTargetsInParallel = 1;
				LastSwiftUpdateCheck = 1420;
				LastUpgradeCheck = 1420;
				TargetAttributes = {
					24804F1A29CFB6E00006AAC9 = {
						CreatedOnToolsVersion = 14.2;
					};
				};
			};
			buildConfigurationList = 24804F1629CFB6E00006AAC9 /* Build configuration list for PBXProject "maps-digital" */;
			compatibilityVersion = "Xcode 14.0";
			developmentRegion = en;
			hasScannedForEncodings = 0;
			knownRegions = (
				en,
				Base,
			);
			mainGroup = 24804F1229CFB6E00006AAC9;
			productRefGroup = 24804F1C29CFB6E00006AAC9 /* Products */;
			projectDirPath = "";
			projectRoot = "";
			targets = (
				24804F1A29CFB6E00006AAC9 /* maps-digital */,
			);
		};
/* End PBXProject section */

/* Begin PBXResourcesBuildPhase section */
		24804F1929CFB6E00006AAC9 /* Resources */ = {
			isa = PBXResourcesBuildPhase;
			buildActionMask = 2147483647;
			files = (
				24804F2629CFB6E10006AAC9 /* Preview Assets.xcassets in Resources */,
				24804F2329CFB6E10006AAC9 /* Assets.xcassets in Resources */,
			);
			runOnlyForDeploymentPostprocessing = 0;
		};
/* End PBXResourcesBuildPhase section */

/* Begin PBXSourcesBuildPhase section */
		24804F1729CFB6E00006AAC9 /* Sources */ = {
			isa = PBXSourcesBuildPhase;
			buildActionMask = 2147483647;
			files = (
				24804F3629D074610006AAC9 /* BottomNavBar.swift in Sources */,
				24804F2D29CFE1350006AAC9 /* HomeView.swift in Sources */,
				24804F3329D073EA0006AAC9 /* Location.swift in Sources */,
				24804F3929D078C20006AAC9 /* HomePresenter.swift in Sources */,
				24804F1F29CFB6E00006AAC9 /* maps_digitalApp.swift in Sources */,
				2498C20229D1005F004E2A9D /* DetailsView.swift in Sources */,
			);
			runOnlyForDeploymentPostprocessing = 0;
		};
/* End PBXSourcesBuildPhase section */

/* Begin XCBuildConfiguration section */
		24804F2729CFB6E10006AAC9 /* Debug */ = {
			isa = XCBuildConfiguration;
			buildSettings = {
				ALWAYS_SEARCH_USER_PATHS = NO;
				CLANG_ANALYZER_NONNULL = YES;
				CLANG_ANALYZER_NUMBER_OBJECT_CONVERSION = YES_AGGRESSIVE;
				CLANG_CXX_LANGUAGE_STANDARD = "gnu++20";
				CLANG_ENABLE_MODULES = YES;
				CLANG_ENABLE_OBJC_ARC = YES;
				CLANG_ENABLE_OBJC_WEAK = YES;
				CLANG_WARN_BLOCK_CAPTURE_AUTORELEASING = YES;
				CLANG_WARN_BOOL_CONVERSION = YES;
				CLANG_WARN_COMMA = YES;
				CLANG_WARN_CONSTANT_CONVERSION = YES;
				CLANG_WARN_DEPRECATED_OBJC_IMPLEMENTATIONS = YES;
				CLANG_WARN_DIRECT_OBJC_ISA_USAGE = YES_ERROR;
				CLANG_WARN_DOCUMENTATION_COMMENTS = YES;
				CLANG_WARN_EMPTY_BODY = YES;
				CLANG_WARN_ENUM_CONVERSION = YES;
				CLANG_WARN_INFINITE_RECURSION = YES;
				CLANG_WARN_INT_CONVERSION = YES;
				CLANG_WARN_NON_LITERAL_NULL_CONVERSION = YES;
				CLANG_WARN_OBJC_IMPLICIT_RETAIN_SELF = YES;
				CLANG_WARN_OBJC_LITERAL_CONVERSION = YES;
				CLANG_WARN_OBJC_ROOT_CLASS = YES_ERROR;
				CLANG_WARN_QUOTED_INCLUDE_IN_FRAMEWORK_HEADER = YES;
				CLANG_WARN_RANGE_LOOP_ANALYSIS = YES;
				CLANG_WARN_STRICT_PROTOTYPES = YES;
				CLANG_WARN_SUSPICIOUS_MOVE = YES;
				CLANG_WARN_UNGUARDED_AVAILABILITY = YES_AGGRESSIVE;
				CLANG_WARN_UNREACHABLE_CODE = YES;
				CLANG_WARN__DUPLICATE_METHOD_MATCH = YES;
				COPY_PHASE_STRIP = NO;
				DEBUG_INFORMATION_FORMAT = dwarf;
				ENABLE_STRICT_OBJC_MSGSEND = YES;
				ENABLE_TESTABILITY = YES;
				GCC_C_LANGUAGE_STANDARD = gnu11;
				GCC_DYNAMIC_NO_PIC = NO;
				GCC_NO_COMMON_BLOCKS = YES;
				GCC_OPTIMIZATION_LEVEL = 0;
				GCC_PREPROCESSOR_DEFINITIONS = (
					"DEBUG=1",
					"$(inherited)",
				);
				GCC_WARN_64_TO_32_BIT_CONVERSION = YES;
				GCC_WARN_ABOUT_RETURN_TYPE = YES_ERROR;
				GCC_WARN_UNDECLARED_SELECTOR = YES;
				GCC_WARN_UNINITIALIZED_AUTOS = YES_AGGRESSIVE;
				GCC_WARN_UNUSED_FUNCTION = YES;
				GCC_WARN_UNUSED_VARIABLE = YES;
				IPHONEOS_DEPLOYMENT_TARGET = 16.0;
				MTL_ENABLE_DEBUG_INFO = INCLUDE_SOURCE;
				MTL_FAST_MATH = YES;
				ONLY_ACTIVE_ARCH = YES;
				SDKROOT = iphoneos;
				SWIFT_ACTIVE_COMPILATION_CONDITIONS = DEBUG;
				SWIFT_OPTIMIZATION_LEVEL = "-Onone";
			};
			name = Debug;
		};
		24804F2829CFB6E10006AAC9 /* Release */ = {
			isa = XCBuildConfiguration;
			buildSettings = {
				ALWAYS_SEARCH_USER_PATHS = NO;
				CLANG_ANALYZER_NONNULL = YES;
				CLANG_ANALYZER_NUMBER_OBJECT_CONVERSION = YES_AGGRESSIVE;
				CLANG_CXX_LANGUAGE_STANDARD = "gnu++20";
				CLANG_ENABLE_MODULES = YES;
				CLANG_ENABLE_OBJC_ARC = YES;
				CLANG_ENABLE_OBJC_WEAK = YES;
				CLANG_WARN_BLOCK_CAPTURE_AUTORELEASING = YES;
				CLANG_WARN_BOOL_CONVERSION = YES;
				CLANG_WARN_COMMA = YES;
				CLANG_WARN_CONSTANT_CONVERSION = YES;
				CLANG_WARN_DEPRECATED_OBJC_IMPLEMENTATIONS = YES;
				CLANG_WARN_DIRECT_OBJC_ISA_USAGE = YES_ERROR;
				CLANG_WARN_DOCUMENTATION_COMMENTS = YES;
				CLANG_WARN_EMPTY_BODY = YES;
				CLANG_WARN_ENUM_CONVERSION = YES;
				CLANG_WARN_INFINITE_RECURSION = YES;
				CLANG_WARN_INT_CONVERSION = YES;
				CLANG_WARN_NON_LITERAL_NULL_CONVERSION = YES;
				CLANG_WARN_OBJC_IMPLICIT_RETAIN_SELF = YES;
				CLANG_WARN_OBJC_LITERAL_CONVERSION = YES;
				CLANG_WARN_OBJC_ROOT_CLASS = YES_ERROR;
				CLANG_WARN_QUOTED_INCLUDE_IN_FRAMEWORK_HEADER = YES;
				CLANG_WARN_RANGE_LOOP_ANALYSIS = YES;
				CLANG_WARN_STRICT_PROTOTYPES = YES;
				CLANG_WARN_SUSPICIOUS_MOVE = YES;
				CLANG_WARN_UNGUARDED_AVAILABILITY = YES_AGGRESSIVE;
				CLANG_WARN_UNREACHABLE_CODE = YES;
				CLANG_WARN__DUPLICATE_METHOD_MATCH = YES;
				COPY_PHASE_STRIP = NO;
				DEBUG_INFORMATION_FORMAT = "dwarf-with-dsym";
				ENABLE_NS_ASSERTIONS = NO;
				ENABLE_STRICT_OBJC_MSGSEND = YES;
				GCC_C_LANGUAGE_STANDARD = gnu11;
				GCC_NO_COMMON_BLOCKS = YES;
				GCC_WARN_64_TO_32_BIT_CONVERSION = YES;
				GCC_WARN_ABOUT_RETURN_TYPE = YES_ERROR;
				GCC_WARN_UNDECLARED_SELECTOR = YES;
				GCC_WARN_UNINITIALIZED_AUTOS = YES_AGGRESSIVE;
				GCC_WARN_UNUSED_FUNCTION = YES;
				GCC_WARN_UNUSED_VARIABLE = YES;
				IPHONEOS_DEPLOYMENT_TARGET = 16.0;
				MTL_ENABLE_DEBUG_INFO = NO;
				MTL_FAST_MATH = YES;
				SDKROOT = iphoneos;
				SWIFT_COMPILATION_MODE = wholemodule;
				SWIFT_OPTIMIZATION_LEVEL = "-O";
				VALIDATE_PRODUCT = YES;
			};
			name = Release;
		};
		24804F2A29CFB6E10006AAC9 /* Debug */ = {
			isa = XCBuildConfiguration;
			buildSettings = {
				ASSETCATALOG_COMPILER_APPICON_NAME = AppIcon;
				ASSETCATALOG_COMPILER_GLOBAL_ACCENT_COLOR_NAME = AccentColor;
				CODE_SIGN_STYLE = Automatic;
				CURRENT_PROJECT_VERSION = 1;
				DEVELOPMENT_ASSET_PATHS = "\"maps-digital/Preview Content\"";
				DEVELOPMENT_TEAM = QNW59SGYAU;
				ENABLE_PREVIEWS = YES;
				GENERATE_INFOPLIST_FILE = YES;
				INFOPLIST_KEY_NSLocationWhenInUseUsageDescription = "Preciso me localizar";
				INFOPLIST_KEY_UIApplicationSceneManifest_Generation = YES;
				INFOPLIST_KEY_UIApplicationSupportsIndirectInputEvents = YES;
				INFOPLIST_KEY_UILaunchScreen_Generation = YES;
				INFOPLIST_KEY_UISupportedInterfaceOrientations = UIInterfaceOrientationPortrait;
				IPHONEOS_DEPLOYMENT_TARGET = 16.0;
				LD_RUNPATH_SEARCH_PATHS = (
					"$(inherited)",
					"@executable_path/Frameworks",
				);
				MARKETING_VERSION = 1.0;
				PRODUCT_BUNDLE_IDENTIFIER = "com.andre.maps-digital";
				PRODUCT_NAME = "$(TARGET_NAME)";
				SWIFT_EMIT_LOC_STRINGS = YES;
				SWIFT_VERSION = 5.0;
				TARGETED_DEVICE_FAMILY = "1,2";
			};
			name = Debug;
		};
		24804F2B29CFB6E10006AAC9 /* Release */ = {
			isa = XCBuildConfiguration;
			buildSettings = {
				ASSETCATALOG_COMPILER_APPICON_NAME = AppIcon;
				ASSETCATALOG_COMPILER_GLOBAL_ACCENT_COLOR_NAME = AccentColor;
				CODE_SIGN_STYLE = Automatic;
				CURRENT_PROJECT_VERSION = 1;
				DEVELOPMENT_ASSET_PATHS = "\"maps-digital/Preview Content\"";
				DEVELOPMENT_TEAM = QNW59SGYAU;
				ENABLE_PREVIEWS = YES;
				GENERATE_INFOPLIST_FILE = YES;
				INFOPLIST_KEY_NSLocationWhenInUseUsageDescription = "Preciso me localizar";
				INFOPLIST_KEY_UIApplicationSceneManifest_Generation = YES;
				INFOPLIST_KEY_UIApplicationSupportsIndirectInputEvents = YES;
				INFOPLIST_KEY_UILaunchScreen_Generation = YES;
				INFOPLIST_KEY_UISupportedInterfaceOrientations = UIInterfaceOrientationPortrait;
				IPHONEOS_DEPLOYMENT_TARGET = 16.0;
				LD_RUNPATH_SEARCH_PATHS = (
					"$(inherited)",
					"@executable_path/Frameworks",
				);
				MARKETING_VERSION = 1.0;
				PRODUCT_BUNDLE_IDENTIFIER = "com.andre.maps-digital";
				PRODUCT_NAME = "$(TARGET_NAME)";
				SWIFT_EMIT_LOC_STRINGS = YES;
				SWIFT_VERSION = 5.0;
				TARGETED_DEVICE_FAMILY = "1,2";
			};
			name = Release;
		};
/* End XCBuildConfiguration section */

/* Begin XCConfigurationList section */
		24804F1629CFB6E00006AAC9 /* Build configuration list for PBXProject "maps-digital" */ = {
			isa = XCConfigurationList;
			buildConfigurations = (
				24804F2729CFB6E10006AAC9 /* Debug */,
				24804F2829CFB6E10006AAC9 /* Release */,
			);
			defaultConfigurationIsVisible = 0;
			defaultConfigurationName = Release;
		};
		24804F2929CFB6E10006AAC9 /* Build configuration list for PBXNativeTarget "maps-digital" */ = {
			isa = XCConfigurationList;
			buildConfigurations = (
				24804F2A29CFB6E10006AAC9 /* Debug */,
				24804F2B29CFB6E10006AAC9 /* Release */,
			);
			defaultConfigurationIsVisible = 0;
			defaultConfigurationName = Release;
		};
/* End XCConfigurationList section */
	};
	rootObject = 24804F1329CFB6E00006AAC9 /* Project object */;
}
